
Microsoft Visual Studio Solution File, Format Version 12.00
# Visual Studio Version 17
VisualStudioVersion = 17.1.32328.378
MinimumVisualStudioVersion = 10.0.40219.1
Project("{FAE04EC0-301F-11D3-BF4B-00C04F79EFBC}") = "UltraStarArg", "UltraStarArg\UltraStarArg.csproj", "{CAA249C4-A4A3-471F-84C5-FB1DAE1B7AA7}"
EndProject
Global
	GlobalSection(SolutionConfigurationPlatforms) = preSolution
		Debug|Any CPU = Debug|Any CPU
		Release|Any CPU = Release|Any CPU
	EndGlobalSection
	GlobalSection(ProjectConfigurationPlatforms) = postSolution
		{CAA249C4-A4A3-471F-84C5-FB1DAE1B7AA7}.Debug|Any CPU.ActiveCfg = Debug|Any CPU
		{CAA249C4-A4A3-471F-84C5-FB1DAE1B7AA7}.Debug|Any CPU.Build.0 = Debug|Any CPU
		{CAA249C4-A4A3-471F-84C5-FB1DAE1B7AA7}.Release|Any CPU.ActiveCfg = Release|Any CPU
		{CAA249C4-A4A3-471F-84C5-FB1DAE1B7AA7}.Release|Any CPU.Build.0 = Release|Any CPU
	EndGlobalSection
	GlobalSection(SolutionProperties) = preSolution
		HideSolutionNode = FALSE
	EndGlobalSection
	GlobalSection(ExtensibilityGlobals) = postSolution
		SolutionGuid = {25088FE9-ED40-47AD-BB1D-5AB2065EBA9A}
	EndGlobalSection
EndGlobal
